// !$*UTF8*$!
{
	archiveVersion = 1;
	classes = {
	};
	objectVersion = 77;
	objects = {

/* Begin PBXBuildFile section */
		09DDED12083652F40E0FCCE7 /* Assets.xcassets in Resources */ = {isa = PBXBuildFile; fileRef = A3EE0A1098E1E720979D5BA9 /* Assets.xcassets */; };
		0AD579DA6B6E822FD4CAB104 /* SRAVPlayerSDK in Frameworks */ = {isa = PBXBuildFile; productRef = F04E3C3CC1D68FDE8246323B /* SRAVPlayerSDK */; };
		0D40C24FBC661BAF497AEB62 /* CustomControlContentProvider.swift in Sources */ = {isa = PBXBuildFile; fileRef = 6DB1199A8E166EB7BE8209FF /* CustomControlContentProvider.swift */; };
		1005A29842FF62697795F538 /* SettingsModel.swift in Sources */ = {isa = PBXBuildFile; fileRef = 33A53BE6CC327AF76F5DC771 /* SettingsModel.swift */; };
		170AF490C0A288954ADECB33 /* PlayerTheme.swift in Sources */ = {isa = PBXBuildFile; fileRef = 7F516236F381D4DDA42959B4 /* PlayerTheme.swift */; };
		1D4EE29765DBEC1324A1E8AD /* UserDefaultsSRAVDemoKeys.swift in Sources */ = {isa = PBXBuildFile; fileRef = 2E9B3E15BE5A18F32D6A00FF /* UserDefaultsSRAVDemoKeys.swift */; };
		21950AEAD0D3FB315C0DE447 /* SRAVPlayerSDK in Frameworks */ = {isa = PBXBuildFile; productRef = CDF8B1B89004A86E5FCD2BCF /* SRAVPlayerSDK */; };
		23B3CE21A42E84878187C364 /* Assets.xcassets in Resources */ = {isa = PBXBuildFile; fileRef = E13F0376E760092376A7C8A0 /* Assets.xcassets */; };
		2432C57C3FC500C967A50419 /* CustomAnalyticsProvider.swift in Sources */ = {isa = PBXBuildFile; fileRef = 66DDCE87D1A07B8EDF3E92F0 /* CustomAnalyticsProvider.swift */; };
		2944580B04C84F6892CFCAC9 /* StreamSource.swift in Sources */ = {isa = PBXBuildFile; fileRef = CF93C43DA8FA2FBC23547FA7 /* StreamSource.swift */; };
		297FEA49140B0F03E9C8826C /* StreamSource.swift in Sources */ = {isa = PBXBuildFile; fileRef = 413A46FDBBB06BDB6178BEB8 /* StreamSource.swift */; };
		37C661012022273FD3382612 /* CustomCompleteLayerView.swift in Sources */ = {isa = PBXBuildFile; fileRef = B280973029EE7AB0DAB78069 /* CustomCompleteLayerView.swift */; };
		3F2C52D5F26538023E8117A0 /* CustomControlContentProvider.swift in Sources */ = {isa = PBXBuildFile; fileRef = 405DC7839924A941C62C77EE /* CustomControlContentProvider.swift */; };
		432F0D5104C71A73E7ED213A /* CustomAnalyticsProvider.swift in Sources */ = {isa = PBXBuildFile; fileRef = A2849B387E2712404F567682 /* CustomAnalyticsProvider.swift */; };
		435015C4CF9C4F595D42E40A /* SettingsView.swift in Sources */ = {isa = PBXBuildFile; fileRef = 132CAC457D1FBEBE23645167 /* SettingsView.swift */; };
		4A4464EC1685310235D67E6E /* PlayerDetailsView.swift in Sources */ = {isa = PBXBuildFile; fileRef = 3549EA13389C6438AAD21B22 /* PlayerDetailsView.swift */; };
		53547884D19799741E18EE48 /* PlayerDetailsView.swift in Sources */ = {isa = PBXBuildFile; fileRef = C70813C61F50B3B4D4728279 /* PlayerDetailsView.swift */; };
		57911F6B846DEB63E796DCC3 /* CustomControlContentProvider.swift in Sources */ = {isa = PBXBuildFile; fileRef = E6EBB915AE9710162D9E7657 /* CustomControlContentProvider.swift */; };
		5890C4D0900E14FAE47D13F3 /* DemoSettings.swift in Sources */ = {isa = PBXBuildFile; fileRef = CAB116B474B71C2BB8651E3D /* DemoSettings.swift */; };
		5BB316FD161C808D6BE09E37 /* PickerStyleModifier.swift in Sources */ = {isa = PBXBuildFile; fileRef = 14648C3EB3B33DE8928197F7 /* PickerStyleModifier.swift */; };
		5D806B05D8E0D281BC667A36 /* SettingsModel.swift in Sources */ = {isa = PBXBuildFile; fileRef = 8E4D26F423327D443412D18C /* SettingsModel.swift */; };
		60CB9E199001D1EB2A9EEEB2 /* SettingsViewController.swift in Sources */ = {isa = PBXBuildFile; fileRef = BFA2C4AE229D1E34019CB6FC /* SettingsViewController.swift */; };
		74179C479ECC3F712C824407 /* ContentView.swift in Sources */ = {isa = PBXBuildFile; fileRef = E8A49360F1B77C189357689B /* ContentView.swift */; };
		8689F06D0A3DE5C2A5B794D5 /* NavigationDelegate.swift in Sources */ = {isa = PBXBuildFile; fileRef = 85FA3BB811399745A85E9BDC /* NavigationDelegate.swift */; };
		89B0AF4623950564E2035F57 /* Assets.xcassets in Resources */ = {isa = PBXBuildFile; fileRef = F572313AB7E517CBE247E1E7 /* Assets.xcassets */; };
		8A492541C40964CA5A528015 /* CustomPlayerLayerProvider.swift in Sources */ = {isa = PBXBuildFile; fileRef = D7E7B60A832AA7ABC014CEA0 /* CustomPlayerLayerProvider.swift */; };
		8A575D1678D101FCC2A9287F /* CustomCompleteLayerView.swift in Sources */ = {isa = PBXBuildFile; fileRef = BA1AC4E8FBA3F4AEF49A9896 /* CustomCompleteLayerView.swift */; };
		98723E6C88980036A0FC258B /* SettingsModel.swift in Sources */ = {isa = PBXBuildFile; fileRef = F5DFF1F566DACCDD8415CAEA /* SettingsModel.swift */; };
		98D91C5495041250B0AA71F9 /* PlayerDetailsViewController.swift in Sources */ = {isa = PBXBuildFile; fileRef = 97B9BDEC66A49A5D03477478 /* PlayerDetailsViewController.swift */; };
		9B0EC1CE69D8E029C298AE8C /* View+Extra.swift in Sources */ = {isa = PBXBuildFile; fileRef = FD19E265FADC46C17058FC73 /* View+Extra.swift */; };
		A085E4DD9437AD11977476DC /* CustomErrorLayerView.swift in Sources */ = {isa = PBXBuildFile; fileRef = 3170D3440B81BD46368880EE /* CustomErrorLayerView.swift */; };
		A870BDC96E0C3F5B0A6DA5D3 /* SRAVPlayerSDK in Frameworks */ = {isa = PBXBuildFile; productRef = 58D6AB659C0388D39DA29C8F /* SRAVPlayerSDK */; };
		A9948326B90DBDC28BA7FA7F /* SettingsView.swift in Sources */ = {isa = PBXBuildFile; fileRef = 9A96B76AD468A2E0A7AD5248 /* SettingsView.swift */; };
		B671DFFDA560274733D6B06D /* AppDelegate.swift in Sources */ = {isa = PBXBuildFile; fileRef = D4B6E7D36FC1E9C54202D74B /* AppDelegate.swift */; };
		B69C011009F3A0D48B129840 /* SceneDelegate.swift in Sources */ = {isa = PBXBuildFile; fileRef = E3B28F8AF3A203E786A8F4CD /* SceneDelegate.swift */; };
		B9046F3FDAF2C0DFABC24E0F /* CustomLoadingLayerView.swift in Sources */ = {isa = PBXBuildFile; fileRef = A803AC5FF2463A851431549D /* CustomLoadingLayerView.swift */; };
		BA54DE9049115445BD5995FB /* CustomPlayerControlsLayerView.swift in Sources */ = {isa = PBXBuildFile; fileRef = 38EAACD73555A96B261060D9 /* CustomPlayerControlsLayerView.swift */; };
		BBEADB1A669CD1AA610EAC7F /* CustomPlayerControlsLayerView.swift in Sources */ = {isa = PBXBuildFile; fileRef = 30D5E6C4B2A9011CC7C25C2E /* CustomPlayerControlsLayerView.swift */; };
		BF4655165FF524CC628FC982 /* CustomPlayerLayerProvider.swift in Sources */ = {isa = PBXBuildFile; fileRef = 3ED729E73F63861682067D80 /* CustomPlayerLayerProvider.swift */; };
		C22531B606EB0A3A95020C30 /* CustomAnalyticsProvider.swift in Sources */ = {isa = PBXBuildFile; fileRef = 3DCA8D08AEAA6C392EFBE7F0 /* CustomAnalyticsProvider.swift */; };
		D490D134AB92D68A37B3AC02 /* SettingsView.swift in Sources */ = {isa = PBXBuildFile; fileRef = 466E233A41B2C64981819A05 /* SettingsView.swift */; };
		DE897BADB09A7567EB455C32 /* CustomTypealias.swift in Sources */ = {isa = PBXBuildFile; fileRef = A0ED7D928D95B85318BC0B48 /* CustomTypealias.swift */; };
		E9ED2D5CB9B2F041C2036307 /* CustomPlayerLayerProvider.swift in Sources */ = {isa = PBXBuildFile; fileRef = 3B141D78B43320F489305C51 /* CustomPlayerLayerProvider.swift */; };
		EB9EB60CFF1CA310103ACCEF /* CustomPlayerControlsLayerView.swift in Sources */ = {isa = PBXBuildFile; fileRef = C6B2A41956D8C71543FE52D9 /* CustomPlayerControlsLayerView.swift */; };
		EC625044D055569EEC661848 /* CustomErrorLayerView.swift in Sources */ = {isa = PBXBuildFile; fileRef = 8871E90E6B85BDF0963D1071 /* CustomErrorLayerView.swift */; };
		F256A5C177D3DB82A290F322 /* SRAVPlayerDemoApp.swift in Sources */ = {isa = PBXBuildFile; fileRef = 02E400907B25E8274D9FAFBF /* SRAVPlayerDemoApp.swift */; };
		F4799E104BB0A8A1DD462FB9 /* CustomLoadingLayerView.swift in Sources */ = {isa = PBXBuildFile; fileRef = 1EBE6CD9422DAA02F15E09C7 /* CustomLoadingLayerView.swift */; };
		F70D3CFEBE15670F9CD88385 /* CustomErrorLayerView.swift in Sources */ = {isa = PBXBuildFile; fileRef = E3150158854E0830F3213ADC /* CustomErrorLayerView.swift */; };
		FD096242A0FA834F0AADCE46 /* SRAVPlayerAppleTVDemoApp.swift in Sources */ = {isa = PBXBuildFile; fileRef = 424E22E51FDECA94F47A6561 /* SRAVPlayerAppleTVDemoApp.swift */; };
/* End PBXBuildFile section */

/* Begin PBXFileReference section */
		02E400907B25E8274D9FAFBF /* SRAVPlayerDemoApp.swift */ = {isa = PBXFileReference; lastKnownFileType = sourcecode.swift; path = SRAVPlayerDemoApp.swift; sourceTree = "<group>"; };
		132CAC457D1FBEBE23645167 /* SettingsView.swift */ = {isa = PBXFileReference; lastKnownFileType = sourcecode.swift; path = SettingsView.swift; sourceTree = "<group>"; };
		14648C3EB3B33DE8928197F7 /* PickerStyleModifier.swift */ = {isa = PBXFileReference; lastKnownFileType = sourcecode.swift; path = PickerStyleModifier.swift; sourceTree = "<group>"; };
		1EBE6CD9422DAA02F15E09C7 /* CustomLoadingLayerView.swift */ = {isa = PBXFileReference; lastKnownFileType = sourcecode.swift; path = CustomLoadingLayerView.swift; sourceTree = "<group>"; };
		2E9B3E15BE5A18F32D6A00FF /* UserDefaultsSRAVDemoKeys.swift */ = {isa = PBXFileReference; lastKnownFileType = sourcecode.swift; path = UserDefaultsSRAVDemoKeys.swift; sourceTree = "<group>"; };
		30D5E6C4B2A9011CC7C25C2E /* CustomPlayerControlsLayerView.swift */ = {isa = PBXFileReference; lastKnownFileType = sourcecode.swift; path = CustomPlayerControlsLayerView.swift; sourceTree = "<group>"; };
		3170D3440B81BD46368880EE /* CustomErrorLayerView.swift */ = {isa = PBXFileReference; lastKnownFileType = sourcecode.swift; path = CustomErrorLayerView.swift; sourceTree = "<group>"; };
		33A53BE6CC327AF76F5DC771 /* SettingsModel.swift */ = {isa = PBXFileReference; lastKnownFileType = sourcecode.swift; path = SettingsModel.swift; sourceTree = "<group>"; };
		3549EA13389C6438AAD21B22 /* PlayerDetailsView.swift */ = {isa = PBXFileReference; lastKnownFileType = sourcecode.swift; path = PlayerDetailsView.swift; sourceTree = "<group>"; };
		38EAACD73555A96B261060D9 /* CustomPlayerControlsLayerView.swift */ = {isa = PBXFileReference; lastKnownFileType = sourcecode.swift; path = CustomPlayerControlsLayerView.swift; sourceTree = "<group>"; };
		3B141D78B43320F489305C51 /* CustomPlayerLayerProvider.swift */ = {isa = PBXFileReference; lastKnownFileType = sourcecode.swift; path = CustomPlayerLayerProvider.swift; sourceTree = "<group>"; };
		3DCA8D08AEAA6C392EFBE7F0 /* CustomAnalyticsProvider.swift */ = {isa = PBXFileReference; lastKnownFileType = sourcecode.swift; path = CustomAnalyticsProvider.swift; sourceTree = "<group>"; };
		3ED729E73F63861682067D80 /* CustomPlayerLayerProvider.swift */ = {isa = PBXFileReference; lastKnownFileType = sourcecode.swift; path = CustomPlayerLayerProvider.swift; sourceTree = "<group>"; };
		405DC7839924A941C62C77EE /* CustomControlContentProvider.swift */ = {isa = PBXFileReference; lastKnownFileType = sourcecode.swift; path = CustomControlContentProvider.swift; sourceTree = "<group>"; };
		413A46FDBBB06BDB6178BEB8 /* StreamSource.swift */ = {isa = PBXFileReference; lastKnownFileType = sourcecode.swift; path = StreamSource.swift; sourceTree = "<group>"; };
		424E22E51FDECA94F47A6561 /* SRAVPlayerAppleTVDemoApp.swift */ = {isa = PBXFileReference; lastKnownFileType = sourcecode.swift; path = SRAVPlayerAppleTVDemoApp.swift; sourceTree = "<group>"; };
		4616498CFCCD3050F13210D8 /* DemoAppleTV.app */ = {isa = PBXFileReference; includeInIndex = 0; lastKnownFileType = wrapper.application; path = DemoAppleTV.app; sourceTree = BUILT_PRODUCTS_DIR; };
		466E233A41B2C64981819A05 /* SettingsView.swift */ = {isa = PBXFileReference; lastKnownFileType = sourcecode.swift; path = SettingsView.swift; sourceTree = "<group>"; };
		66DDCE87D1A07B8EDF3E92F0 /* CustomAnalyticsProvider.swift */ = {isa = PBXFileReference; lastKnownFileType = sourcecode.swift; path = CustomAnalyticsProvider.swift; sourceTree = "<group>"; };
		6DB1199A8E166EB7BE8209FF /* CustomControlContentProvider.swift */ = {isa = PBXFileReference; lastKnownFileType = sourcecode.swift; path = CustomControlContentProvider.swift; sourceTree = "<group>"; };
		7F516236F381D4DDA42959B4 /* PlayerTheme.swift */ = {isa = PBXFileReference; lastKnownFileType = sourcecode.swift; path = PlayerTheme.swift; sourceTree = "<group>"; };
		85FA3BB811399745A85E9BDC /* NavigationDelegate.swift */ = {isa = PBXFileReference; lastKnownFileType = sourcecode.swift; path = NavigationDelegate.swift; sourceTree = "<group>"; };
		8871E90E6B85BDF0963D1071 /* CustomErrorLayerView.swift */ = {isa = PBXFileReference; lastKnownFileType = sourcecode.swift; path = CustomErrorLayerView.swift; sourceTree = "<group>"; };
		8E4D26F423327D443412D18C /* SettingsModel.swift */ = {isa = PBXFileReference; lastKnownFileType = sourcecode.swift; path = SettingsModel.swift; sourceTree = "<group>"; };
		97B9BDEC66A49A5D03477478 /* PlayerDetailsViewController.swift */ = {isa = PBXFileReference; lastKnownFileType = sourcecode.swift; path = PlayerDetailsViewController.swift; sourceTree = "<group>"; };
		984E891E09927F2258C86328 /* DemoSwiftUI.app */ = {isa = PBXFileReference; includeInIndex = 0; lastKnownFileType = wrapper.application; path = DemoSwiftUI.app; sourceTree = BUILT_PRODUCTS_DIR; };
		9A96B76AD468A2E0A7AD5248 /* SettingsView.swift */ = {isa = PBXFileReference; lastKnownFileType = sourcecode.swift; path = SettingsView.swift; sourceTree = "<group>"; };
		A0ED7D928D95B85318BC0B48 /* CustomTypealias.swift */ = {isa = PBXFileReference; lastKnownFileType = sourcecode.swift; path = CustomTypealias.swift; sourceTree = "<group>"; };
		A2849B387E2712404F567682 /* CustomAnalyticsProvider.swift */ = {isa = PBXFileReference; lastKnownFileType = sourcecode.swift; path = CustomAnalyticsProvider.swift; sourceTree = "<group>"; };
		A3EE0A1098E1E720979D5BA9 /* Assets.xcassets */ = {isa = PBXFileReference; lastKnownFileType = folder.assetcatalog; path = Assets.xcassets; sourceTree = "<group>"; };
		A803AC5FF2463A851431549D /* CustomLoadingLayerView.swift */ = {isa = PBXFileReference; lastKnownFileType = sourcecode.swift; path = CustomLoadingLayerView.swift; sourceTree = "<group>"; };
		B280973029EE7AB0DAB78069 /* CustomCompleteLayerView.swift */ = {isa = PBXFileReference; lastKnownFileType = sourcecode.swift; path = CustomCompleteLayerView.swift; sourceTree = "<group>"; };
		B77C4F0D1106B9123671F3EC /* DemoUIKit.app */ = {isa = PBXFileReference; includeInIndex = 0; lastKnownFileType = wrapper.application; path = DemoUIKit.app; sourceTree = BUILT_PRODUCTS_DIR; };
		BA1AC4E8FBA3F4AEF49A9896 /* CustomCompleteLayerView.swift */ = {isa = PBXFileReference; lastKnownFileType = sourcecode.swift; path = CustomCompleteLayerView.swift; sourceTree = "<group>"; };
		BFA2C4AE229D1E34019CB6FC /* SettingsViewController.swift */ = {isa = PBXFileReference; lastKnownFileType = sourcecode.swift; path = SettingsViewController.swift; sourceTree = "<group>"; };
		C6B2A41956D8C71543FE52D9 /* CustomPlayerControlsLayerView.swift */ = {isa = PBXFileReference; lastKnownFileType = sourcecode.swift; path = CustomPlayerControlsLayerView.swift; sourceTree = "<group>"; };
		C70813C61F50B3B4D4728279 /* PlayerDetailsView.swift */ = {isa = PBXFileReference; lastKnownFileType = sourcecode.swift; path = PlayerDetailsView.swift; sourceTree = "<group>"; };
		CAB116B474B71C2BB8651E3D /* DemoSettings.swift */ = {isa = PBXFileReference; lastKnownFileType = sourcecode.swift; path = DemoSettings.swift; sourceTree = "<group>"; };
		CF93C43DA8FA2FBC23547FA7 /* StreamSource.swift */ = {isa = PBXFileReference; lastKnownFileType = sourcecode.swift; path = StreamSource.swift; sourceTree = "<group>"; };
		D4B6E7D36FC1E9C54202D74B /* AppDelegate.swift */ = {isa = PBXFileReference; lastKnownFileType = sourcecode.swift; path = AppDelegate.swift; sourceTree = "<group>"; };
		D7E7B60A832AA7ABC014CEA0 /* CustomPlayerLayerProvider.swift */ = {isa = PBXFileReference; lastKnownFileType = sourcecode.swift; path = CustomPlayerLayerProvider.swift; sourceTree = "<group>"; };
		E13F0376E760092376A7C8A0 /* Assets.xcassets */ = {isa = PBXFileReference; lastKnownFileType = folder.assetcatalog; path = Assets.xcassets; sourceTree = "<group>"; };
		E3150158854E0830F3213ADC /* CustomErrorLayerView.swift */ = {isa = PBXFileReference; lastKnownFileType = sourcecode.swift; path = CustomErrorLayerView.swift; sourceTree = "<group>"; };
		E3B28F8AF3A203E786A8F4CD /* SceneDelegate.swift */ = {isa = PBXFileReference; lastKnownFileType = sourcecode.swift; path = SceneDelegate.swift; sourceTree = "<group>"; };
		E6EBB915AE9710162D9E7657 /* CustomControlContentProvider.swift */ = {isa = PBXFileReference; lastKnownFileType = sourcecode.swift; path = CustomControlContentProvider.swift; sourceTree = "<group>"; };
		E8A49360F1B77C189357689B /* ContentView.swift */ = {isa = PBXFileReference; lastKnownFileType = sourcecode.swift; path = ContentView.swift; sourceTree = "<group>"; };
		F572313AB7E517CBE247E1E7 /* Assets.xcassets */ = {isa = PBXFileReference; lastKnownFileType = folder.assetcatalog; path = Assets.xcassets; sourceTree = "<group>"; };
		F5DFF1F566DACCDD8415CAEA /* SettingsModel.swift */ = {isa = PBXFileReference; lastKnownFileType = sourcecode.swift; path = SettingsModel.swift; sourceTree = "<group>"; };
		FD19E265FADC46C17058FC73 /* View+Extra.swift */ = {isa = PBXFileReference; lastKnownFileType = sourcecode.swift; path = "View+Extra.swift"; sourceTree = "<group>"; };
/* End PBXFileReference section */

/* Begin PBXFrameworksBuildPhase section */
		532572FB0C27891FF7DACE48 /* Frameworks */ = {
			isa = PBXFrameworksBuildPhase;
			buildActionMask = 2147483647;
			files = (
				0AD579DA6B6E822FD4CAB104 /* SRAVPlayerSDK in Frameworks */,
			);
			runOnlyForDeploymentPostprocessing = 0;
		};
		98188D0B1AC56D9D44D32FDC /* Frameworks */ = {
			isa = PBXFrameworksBuildPhase;
			buildActionMask = 2147483647;
			files = (
				A870BDC96E0C3F5B0A6DA5D3 /* SRAVPlayerSDK in Frameworks */,
			);
			runOnlyForDeploymentPostprocessing = 0;
		};
		E310E37CF12868440381E9E3 /* Frameworks */ = {
			isa = PBXFrameworksBuildPhase;
			buildActionMask = 2147483647;
			files = (
				21950AEAD0D3FB315C0DE447 /* SRAVPlayerSDK in Frameworks */,
			);
			runOnlyForDeploymentPostprocessing = 0;
		};
/* End PBXFrameworksBuildPhase section */

/* Begin PBXGroup section */
		0263E5CB589B000EE44ABC18 /* View */ = {
			isa = PBXGroup;
			children = (
				3549EA13389C6438AAD21B22 /* PlayerDetailsView.swift */,
				0CEAD07EA159E16EFF1D25E7 /* CustomControlProvider */,
				AE0DC8FBF852916DD8639B90 /* CustomLayerProvider */,
			);
			path = View;
			sourceTree = "<group>";
		};
		050ABFBC1ACE2C67DD45A7D9 /* Settings */ = {
			isa = PBXGroup;
			children = (
				8E4D26F423327D443412D18C /* SettingsModel.swift */,
				132CAC457D1FBEBE23645167 /* SettingsView.swift */,
				413A46FDBBB06BDB6178BEB8 /* StreamSource.swift */,
			);
			path = Settings;
			sourceTree = "<group>";
		};
		099B61647221E17EBDC2E404 /* Model */ = {
			isa = PBXGroup;
			children = (
				CAB116B474B71C2BB8651E3D /* DemoSettings.swift */,
			);
			path = Model;
			sourceTree = "<group>";
		};
		0A5203D86D4F617B5C8B6308 /* CustomPlayerControlsLayerView */ = {
			isa = PBXGroup;
			children = (
				30D5E6C4B2A9011CC7C25C2E /* CustomPlayerControlsLayerView.swift */,
			);
			path = CustomPlayerControlsLayerView;
			sourceTree = "<group>";
		};
		0CD315BF73B24DB0E516C2E6 = {
			isa = PBXGroup;
			children = (
				B8F04BF946E8394271B9E01C /* SRAVPlayerAppleTVDemo */,
				FCE3839BC9D7E0C289F0E43F /* SRAVPlayerDemo */,
				BC89E82F0B864BA30690858F /* SRAVPlayerUIKitDemo */,
				BDD5A0417FCEFDC15482A247 /* Products */,
			);
			sourceTree = "<group>";
		};
		0CEAD07EA159E16EFF1D25E7 /* CustomControlProvider */ = {
			isa = PBXGroup;
			children = (
				405DC7839924A941C62C77EE /* CustomControlContentProvider.swift */,
			);
			path = CustomControlProvider;
			sourceTree = "<group>";
		};
		1575DDC4BC5C092DD6E3C22A /* Delegate */ = {
			isa = PBXGroup;
			children = (
				85FA3BB811399745A85E9BDC /* NavigationDelegate.swift */,
			);
			path = Delegate;
			sourceTree = "<group>";
		};
		1A78F5F703DD267306FDCB81 /* PlayerDetails */ = {
			isa = PBXGroup;
			children = (
				5B84E76A50678A64743ADDB3 /* Model */,
				E78295792EE11ED0475E68BF /* View */,
				1E956BDFF13F0C820EF38FE6 /* ViewController */,
			);
			path = PlayerDetails;
			sourceTree = "<group>";
		};
		1E956BDFF13F0C820EF38FE6 /* ViewController */ = {
			isa = PBXGroup;
			children = (
				97B9BDEC66A49A5D03477478 /* PlayerDetailsViewController.swift */,
			);
			path = ViewController;
			sourceTree = "<group>";
		};
		278C0F29327B6BACBA64BA64 /* PlayerCustomisation */ = {
			isa = PBXGroup;
			children = (
				7F516236F381D4DDA42959B4 /* PlayerTheme.swift */,
			);
			path = PlayerCustomisation;
			sourceTree = "<group>";
		};
		297CB48102AAEF2506BEC5E2 /* Helper */ = {
			isa = PBXGroup;
			children = (
				A0ED7D928D95B85318BC0B48 /* CustomTypealias.swift */,
			);
			path = Helper;
			sourceTree = "<group>";
		};
		32B31C356943B23A26E83312 /* CustomLayers */ = {
			isa = PBXGroup;
			children = (
				75E37FF12CD432FC773F9386 /* CustomCompleteLayerView */,
				C066FA5647106B49D770DCD6 /* CustomErrorLayerView */,
				BF1FD906E6A8A97B7839125C /* CustomLoadingLayerView */,
				834221F74F5641E41E3AF5A9 /* CustomPlayerControlsLayerView */,
			);
			path = CustomLayers;
			sourceTree = "<group>";
		};
		3F072A5848EE8F2549CF9F74 /* ViewController */ = {
			isa = PBXGroup;
			children = (
				BFA2C4AE229D1E34019CB6FC /* SettingsViewController.swift */,
			);
			path = ViewController;
			sourceTree = "<group>";
		};
		3F34028DACA797BAC917DCE3 /* Screens */ = {
			isa = PBXGroup;
			children = (
				FEB73A66E18C650065570C7C /* Settings */,
			);
			path = Screens;
			sourceTree = "<group>";
		};
		4580BA44A55966287DF26D60 /* Analytics */ = {
			isa = PBXGroup;
			children = (
				3DCA8D08AEAA6C392EFBE7F0 /* CustomAnalyticsProvider.swift */,
			);
			path = Analytics;
			sourceTree = "<group>";
		};
		5B84E76A50678A64743ADDB3 /* Model */ = {
			isa = PBXGroup;
			children = (
				6DB1199A8E166EB7BE8209FF /* CustomControlContentProvider.swift */,
				3ED729E73F63861682067D80 /* CustomPlayerLayerProvider.swift */,
			);
			path = Model;
			sourceTree = "<group>";
		};
		6F04D8B6D3BEF1BBEA962278 /* CustomCompleteLayerView */ = {
			isa = PBXGroup;
			children = (
				B280973029EE7AB0DAB78069 /* CustomCompleteLayerView.swift */,
			);
			path = CustomCompleteLayerView;
			sourceTree = "<group>";
		};
		7265939C98BC0F92E27B6ABA /* Extensions */ = {
			isa = PBXGroup;
			children = (
				FD19E265FADC46C17058FC73 /* View+Extra.swift */,
			);
			path = Extensions;
			sourceTree = "<group>";
		};
		75E37FF12CD432FC773F9386 /* CustomCompleteLayerView */ = {
			isa = PBXGroup;
			children = (
				BA1AC4E8FBA3F4AEF49A9896 /* CustomCompleteLayerView.swift */,
			);
			path = CustomCompleteLayerView;
			sourceTree = "<group>";
		};
		796B1AAFC4ED4A3E1BAF5DCA /* Analytics */ = {
			isa = PBXGroup;
			children = (
				A2849B387E2712404F567682 /* CustomAnalyticsProvider.swift */,
			);
			path = Analytics;
			sourceTree = "<group>";
		};
		8237421DAB2678402F7AE260 /* PlayerDetailsView */ = {
			isa = PBXGroup;
			children = (
				099B61647221E17EBDC2E404 /* Model */,
				0263E5CB589B000EE44ABC18 /* View */,
			);
			path = PlayerDetailsView;
			sourceTree = "<group>";
		};
		834221F74F5641E41E3AF5A9 /* CustomPlayerControlsLayerView */ = {
			isa = PBXGroup;
			children = (
				38EAACD73555A96B261060D9 /* CustomPlayerControlsLayerView.swift */,
			);
			path = CustomPlayerControlsLayerView;
			sourceTree = "<group>";
		};
		94ED5B737078365CF66B514D /* Views */ = {
			isa = PBXGroup;
			children = (
				E6EBB915AE9710162D9E7657 /* CustomControlContentProvider.swift */,
				3B141D78B43320F489305C51 /* CustomPlayerLayerProvider.swift */,
				6F04D8B6D3BEF1BBEA962278 /* CustomCompleteLayerView */,
				CB97951EF2ECCE6876F8CB3C /* CustomErrorLayerView */,
				F3578D6BB50C3DFB61ED66A4 /* CustomLoadingLayerView */,
				0A5203D86D4F617B5C8B6308 /* CustomPlayerControlsLayerView */,
			);
			path = Views;
			sourceTree = "<group>";
		};
		966581D1D9280F83006DAC7D /* Model */ = {
			isa = PBXGroup;
			children = (
				F5DFF1F566DACCDD8415CAEA /* SettingsModel.swift */,
				2E9B3E15BE5A18F32D6A00FF /* UserDefaultsSRAVDemoKeys.swift */,
			);
			path = Model;
			sourceTree = "<group>";
		};
		9759EC299C2FB05C69244B11 /* Settings */ = {
			isa = PBXGroup;
			children = (
				1575DDC4BC5C092DD6E3C22A /* Delegate */,
				966581D1D9280F83006DAC7D /* Model */,
				9B71CAE9AE298E9E7CBD6F44 /* View */,
				3F072A5848EE8F2549CF9F74 /* ViewController */,
			);
			path = Settings;
			sourceTree = "<group>";
		};
		9B71CAE9AE298E9E7CBD6F44 /* View */ = {
			isa = PBXGroup;
			children = (
				466E233A41B2C64981819A05 /* SettingsView.swift */,
			);
			path = View;
			sourceTree = "<group>";
		};
		AE0DC8FBF852916DD8639B90 /* CustomLayerProvider */ = {
			isa = PBXGroup;
			children = (
				8871E90E6B85BDF0963D1071 /* CustomErrorLayerView.swift */,
				C6B2A41956D8C71543FE52D9 /* CustomPlayerControlsLayerView.swift */,
				D7E7B60A832AA7ABC014CEA0 /* CustomPlayerLayerProvider.swift */,
			);
			path = CustomLayerProvider;
			sourceTree = "<group>";
		};
		B8F04BF946E8394271B9E01C /* SRAVPlayerAppleTVDemo */ = {
			isa = PBXGroup;
			children = (
				A3EE0A1098E1E720979D5BA9 /* Assets.xcassets */,
				424E22E51FDECA94F47A6561 /* SRAVPlayerAppleTVDemoApp.swift */,
				4580BA44A55966287DF26D60 /* Analytics */,
				297CB48102AAEF2506BEC5E2 /* Helper */,
				CA2CEBB25F387C1F2FBD78D0 /* Modifiers */,
				CED9BE15F51FB216221D8DF7 /* Screens */,
			);
			name = SRAVPlayerAppleTVDemo;
			path = Sources/SRAVPlayerAppleTVDemo;
			sourceTree = "<group>";
		};
		BC89E82F0B864BA30690858F /* SRAVPlayerUIKitDemo */ = {
			isa = PBXGroup;
			children = (
				D4B6E7D36FC1E9C54202D74B /* AppDelegate.swift */,
				F572313AB7E517CBE247E1E7 /* Assets.xcassets */,
				E3B28F8AF3A203E786A8F4CD /* SceneDelegate.swift */,
				7265939C98BC0F92E27B6ABA /* Extensions */,
				C90B1F75C3B045860BCA16E3 /* Screens */,
				C21711F9567D82F7BDD3F9B5 /* Services */,
			);
			name = SRAVPlayerUIKitDemo;
			path = Sources/SRAVPlayerUIKitDemo;
			sourceTree = "<group>";
		};
		BDD5A0417FCEFDC15482A247 /* Products */ = {
			isa = PBXGroup;
			children = (
				4616498CFCCD3050F13210D8 /* DemoAppleTV.app */,
				984E891E09927F2258C86328 /* DemoSwiftUI.app */,
				B77C4F0D1106B9123671F3EC /* DemoUIKit.app */,
			);
			name = Products;
			sourceTree = "<group>";
		};
		BF1FD906E6A8A97B7839125C /* CustomLoadingLayerView */ = {
			isa = PBXGroup;
			children = (
				A803AC5FF2463A851431549D /* CustomLoadingLayerView.swift */,
			);
			path = CustomLoadingLayerView;
			sourceTree = "<group>";
		};
		C066FA5647106B49D770DCD6 /* CustomErrorLayerView */ = {
			isa = PBXGroup;
			children = (
				E3150158854E0830F3213ADC /* CustomErrorLayerView.swift */,
			);
			path = CustomErrorLayerView;
			sourceTree = "<group>";
		};
		C21711F9567D82F7BDD3F9B5 /* Services */ = {
			isa = PBXGroup;
			children = (
				66DDCE87D1A07B8EDF3E92F0 /* CustomAnalyticsProvider.swift */,
			);
			path = Services;
			sourceTree = "<group>";
		};
		C90B1F75C3B045860BCA16E3 /* Screens */ = {
			isa = PBXGroup;
			children = (
				1A78F5F703DD267306FDCB81 /* PlayerDetails */,
				9759EC299C2FB05C69244B11 /* Settings */,
			);
			path = Screens;
			sourceTree = "<group>";
		};
		CA2CEBB25F387C1F2FBD78D0 /* Modifiers */ = {
			isa = PBXGroup;
			children = (
				14648C3EB3B33DE8928197F7 /* PickerStyleModifier.swift */,
			);
			path = Modifiers;
			sourceTree = "<group>";
		};
		CB97951EF2ECCE6876F8CB3C /* CustomErrorLayerView */ = {
			isa = PBXGroup;
			children = (
				3170D3440B81BD46368880EE /* CustomErrorLayerView.swift */,
			);
			path = CustomErrorLayerView;
			sourceTree = "<group>";
		};
		CED9BE15F51FB216221D8DF7 /* Screens */ = {
			isa = PBXGroup;
			children = (
				8237421DAB2678402F7AE260 /* PlayerDetailsView */,
				050ABFBC1ACE2C67DD45A7D9 /* Settings */,
			);
			path = Screens;
			sourceTree = "<group>";
		};
		E78295792EE11ED0475E68BF /* View */ = {
			isa = PBXGroup;
			children = (
				C70813C61F50B3B4D4728279 /* PlayerDetailsView.swift */,
				32B31C356943B23A26E83312 /* CustomLayers */,
			);
			path = View;
			sourceTree = "<group>";
		};
		F3578D6BB50C3DFB61ED66A4 /* CustomLoadingLayerView */ = {
			isa = PBXGroup;
			children = (
				1EBE6CD9422DAA02F15E09C7 /* CustomLoadingLayerView.swift */,
			);
			path = CustomLoadingLayerView;
			sourceTree = "<group>";
		};
		FCE3839BC9D7E0C289F0E43F /* SRAVPlayerDemo */ = {
			isa = PBXGroup;
			children = (
				E13F0376E760092376A7C8A0 /* Assets.xcassets */,
				E8A49360F1B77C189357689B /* ContentView.swift */,
				02E400907B25E8274D9FAFBF /* SRAVPlayerDemoApp.swift */,
				796B1AAFC4ED4A3E1BAF5DCA /* Analytics */,
				278C0F29327B6BACBA64BA64 /* PlayerCustomisation */,
				3F34028DACA797BAC917DCE3 /* Screens */,
				94ED5B737078365CF66B514D /* Views */,
			);
			name = SRAVPlayerDemo;
			path = Sources/SRAVPlayerDemo;
			sourceTree = "<group>";
		};
		FEB73A66E18C650065570C7C /* Settings */ = {
			isa = PBXGroup;
			children = (
				33A53BE6CC327AF76F5DC771 /* SettingsModel.swift */,
				9A96B76AD468A2E0A7AD5248 /* SettingsView.swift */,
				CF93C43DA8FA2FBC23547FA7 /* StreamSource.swift */,
			);
			path = Settings;
			sourceTree = "<group>";
		};
/* End PBXGroup section */

/* Begin PBXNativeTarget section */
		59FBA321045942271F1DACAA /* DemoAppleTV */ = {
			isa = PBXNativeTarget;
			buildConfigurationList = 68BFA987ADE53294A5FE8883 /* Build configuration list for PBXNativeTarget "DemoAppleTV" */;
			buildPhases = (
				1E7501AAFFB6B0535E78AC31 /* Sources */,
				E808314F2B14B935192255DF /* Resources */,
				532572FB0C27891FF7DACE48 /* Frameworks */,
			);
			buildRules = (
			);
			dependencies = (
			);
			name = DemoAppleTV;
			packageProductDependencies = (
				F04E3C3CC1D68FDE8246323B /* SRAVPlayerSDK */,
			);
			productName = DemoAppleTV;
			productReference = 4616498CFCCD3050F13210D8 /* DemoAppleTV.app */;
			productType = "com.apple.product-type.application";
		};
		677662DFB0F72DE1D5811E9D /* DemoSwiftUI */ = {
			isa = PBXNativeTarget;
			buildConfigurationList = F986391017F14850E84A5C6F /* Build configuration list for PBXNativeTarget "DemoSwiftUI" */;
			buildPhases = (
				816E3694061D97A73D5DE21F /* Sources */,
				1683CC45FD758697B24BA7DE /* Resources */,
				E310E37CF12868440381E9E3 /* Frameworks */,
			);
			buildRules = (
			);
			dependencies = (
			);
			name = DemoSwiftUI;
			packageProductDependencies = (
				CDF8B1B89004A86E5FCD2BCF /* SRAVPlayerSDK */,
			);
			productName = DemoSwiftUI;
			productReference = 984E891E09927F2258C86328 /* DemoSwiftUI.app */;
			productType = "com.apple.product-type.application";
		};
		CC90FACE883ECD97A4032F3F /* DemoUIKit */ = {
			isa = PBXNativeTarget;
			buildConfigurationList = 64783328161205646D0FCF56 /* Build configuration list for PBXNativeTarget "DemoUIKit" */;
			buildPhases = (
				9018FFC992CED5664577F783 /* Sources */,
				FE24E2B6AE066B9F82EDCFC5 /* Resources */,
				98188D0B1AC56D9D44D32FDC /* Frameworks */,
			);
			buildRules = (
			);
			dependencies = (
			);
			name = DemoUIKit;
			packageProductDependencies = (
				58D6AB659C0388D39DA29C8F /* SRAVPlayerSDK */,
			);
			productName = DemoUIKit;
			productReference = B77C4F0D1106B9123671F3EC /* DemoUIKit.app */;
			productType = "com.apple.product-type.application";
		};
/* End PBXNativeTarget section */

/* Begin PBXProject section */
		ABA78414277EC9123F9BD501 /* Project object */ = {
			isa = PBXProject;
			attributes = {
				BuildIndependentTargetsInParallel = YES;
				LastUpgradeCheck = 2610;
				TargetAttributes = {
					59FBA321045942271F1DACAA = {
						ProvisioningStyle = Automatic;
					};
					677662DFB0F72DE1D5811E9D = {
						ProvisioningStyle = Automatic;
					};
					CC90FACE883ECD97A4032F3F = {
						ProvisioningStyle = Automatic;
					};
				};
			};
			buildConfigurationList = 3BED30148FACAE851162DF37 /* Build configuration list for PBXProject "SRAVPlayerDemos" */;
			compatibilityVersion = "Xcode 14.0";
			developmentRegion = en;
			hasScannedForEncodings = 0;
			knownRegions = (
				Base,
				en,
			);
			mainGroup = 0CD315BF73B24DB0E516C2E6;
			minimizedProjectReferenceProxies = 1;
			packageReferences = (
				E6426E1EE06FB54EE98741FD /* XCRemoteSwiftPackageReference "SRPlayer" */,
			);
			preferredProjectObjectVersion = 77;
			projectDirPath = "";
			projectRoot = "";
			targets = (
				59FBA321045942271F1DACAA /* DemoAppleTV */,
				677662DFB0F72DE1D5811E9D /* DemoSwiftUI */,
				CC90FACE883ECD97A4032F3F /* DemoUIKit */,
			);
		};
/* End PBXProject section */

/* Begin PBXResourcesBuildPhase section */
		1683CC45FD758697B24BA7DE /* Resources */ = {
			isa = PBXResourcesBuildPhase;
			buildActionMask = 2147483647;
			files = (
				23B3CE21A42E84878187C364 /* Assets.xcassets in Resources */,
			);
			runOnlyForDeploymentPostprocessing = 0;
		};
		E808314F2B14B935192255DF /* Resources */ = {
			isa = PBXResourcesBuildPhase;
			buildActionMask = 2147483647;
			files = (
				09DDED12083652F40E0FCCE7 /* Assets.xcassets in Resources */,
			);
			runOnlyForDeploymentPostprocessing = 0;
		};
		FE24E2B6AE066B9F82EDCFC5 /* Resources */ = {
			isa = PBXResourcesBuildPhase;
			buildActionMask = 2147483647;
			files = (
				89B0AF4623950564E2035F57 /* Assets.xcassets in Resources */,
			);
			runOnlyForDeploymentPostprocessing = 0;
		};
/* End PBXResourcesBuildPhase section */

/* Begin PBXSourcesBuildPhase section */
		1E7501AAFFB6B0535E78AC31 /* Sources */ = {
			isa = PBXSourcesBuildPhase;
			buildActionMask = 2147483647;
			files = (
				C22531B606EB0A3A95020C30 /* CustomAnalyticsProvider.swift in Sources */,
				3F2C52D5F26538023E8117A0 /* CustomControlContentProvider.swift in Sources */,
				EC625044D055569EEC661848 /* CustomErrorLayerView.swift in Sources */,
				EB9EB60CFF1CA310103ACCEF /* CustomPlayerControlsLayerView.swift in Sources */,
				8A492541C40964CA5A528015 /* CustomPlayerLayerProvider.swift in Sources */,
				DE897BADB09A7567EB455C32 /* CustomTypealias.swift in Sources */,
				5890C4D0900E14FAE47D13F3 /* DemoSettings.swift in Sources */,
				5BB316FD161C808D6BE09E37 /* PickerStyleModifier.swift in Sources */,
				4A4464EC1685310235D67E6E /* PlayerDetailsView.swift in Sources */,
				FD096242A0FA834F0AADCE46 /* SRAVPlayerAppleTVDemoApp.swift in Sources */,
				5D806B05D8E0D281BC667A36 /* SettingsModel.swift in Sources */,
				435015C4CF9C4F595D42E40A /* SettingsView.swift in Sources */,
				297FEA49140B0F03E9C8826C /* StreamSource.swift in Sources */,
			);
			runOnlyForDeploymentPostprocessing = 0;
		};
		816E3694061D97A73D5DE21F /* Sources */ = {
			isa = PBXSourcesBuildPhase;
			buildActionMask = 2147483647;
			files = (
				74179C479ECC3F712C824407 /* ContentView.swift in Sources */,
				432F0D5104C71A73E7ED213A /* CustomAnalyticsProvider.swift in Sources */,
				37C661012022273FD3382612 /* CustomCompleteLayerView.swift in Sources */,
				57911F6B846DEB63E796DCC3 /* CustomControlContentProvider.swift in Sources */,
				A085E4DD9437AD11977476DC /* CustomErrorLayerView.swift in Sources */,
				F4799E104BB0A8A1DD462FB9 /* CustomLoadingLayerView.swift in Sources */,
				BBEADB1A669CD1AA610EAC7F /* CustomPlayerControlsLayerView.swift in Sources */,
				E9ED2D5CB9B2F041C2036307 /* CustomPlayerLayerProvider.swift in Sources */,
				170AF490C0A288954ADECB33 /* PlayerTheme.swift in Sources */,
				F256A5C177D3DB82A290F322 /* SRAVPlayerDemoApp.swift in Sources */,
				1005A29842FF62697795F538 /* SettingsModel.swift in Sources */,
				A9948326B90DBDC28BA7FA7F /* SettingsView.swift in Sources */,
				2944580B04C84F6892CFCAC9 /* StreamSource.swift in Sources */,
			);
			runOnlyForDeploymentPostprocessing = 0;
		};
		9018FFC992CED5664577F783 /* Sources */ = {
			isa = PBXSourcesBuildPhase;
			buildActionMask = 2147483647;
			files = (
				B671DFFDA560274733D6B06D /* AppDelegate.swift in Sources */,
				2432C57C3FC500C967A50419 /* CustomAnalyticsProvider.swift in Sources */,
				8A575D1678D101FCC2A9287F /* CustomCompleteLayerView.swift in Sources */,
				0D40C24FBC661BAF497AEB62 /* CustomControlContentProvider.swift in Sources */,
				F70D3CFEBE15670F9CD88385 /* CustomErrorLayerView.swift in Sources */,
				B9046F3FDAF2C0DFABC24E0F /* CustomLoadingLayerView.swift in Sources */,
				BA54DE9049115445BD5995FB /* CustomPlayerControlsLayerView.swift in Sources */,
				BF4655165FF524CC628FC982 /* CustomPlayerLayerProvider.swift in Sources */,
				8689F06D0A3DE5C2A5B794D5 /* NavigationDelegate.swift in Sources */,
				53547884D19799741E18EE48 /* PlayerDetailsView.swift in Sources */,
				98D91C5495041250B0AA71F9 /* PlayerDetailsViewController.swift in Sources */,
				B69C011009F3A0D48B129840 /* SceneDelegate.swift in Sources */,
				98723E6C88980036A0FC258B /* SettingsModel.swift in Sources */,
				D490D134AB92D68A37B3AC02 /* SettingsView.swift in Sources */,
				60CB9E199001D1EB2A9EEEB2 /* SettingsViewController.swift in Sources */,
				1D4EE29765DBEC1324A1E8AD /* UserDefaultsSRAVDemoKeys.swift in Sources */,
				9B0EC1CE69D8E029C298AE8C /* View+Extra.swift in Sources */,
			);
			runOnlyForDeploymentPostprocessing = 0;
		};
/* End PBXSourcesBuildPhase section */

/* Begin XCBuildConfiguration section */
		0D687948AB5999F121BD6A7D /* Release */ = {
			isa = XCBuildConfiguration;
			buildSettings = {
				ASSETCATALOG_COMPILER_APPICON_NAME = AppIcon;
				CODE_SIGN_IDENTITY = "iPhone Developer";
				CODE_SIGN_STYLE = Automatic;
				INFOPLIST_FILE = Sources/SRAVPlayerUIKitDemo/Info.plist;
				LD_RUNPATH_SEARCH_PATHS = (
					"$(inherited)",
					"@executable_path/Frameworks",
				);
				PRODUCT_BUNDLE_IDENTIFIER = com.sportradar.SRAVPlayerDemos;
				SDKROOT = auto;
				SUPPORTED_PLATFORMS = "iphoneos iphonesimulator";
				SUPPORTS_MACCATALYST = NO;
				SUPPORTS_MAC_DESIGNED_FOR_IPHONE_IPAD = YES;
				SUPPORTS_XR_DESIGNED_FOR_IPHONE_IPAD = YES;
				SWIFT_DEFAULT_ACTOR_ISOLATION = MainActor;
				TARGETED_DEVICE_FAMILY = "1,2";
			};
			name = Release;
		};
		1277CEAB1A3E44F0A29178B9 /* Debug */ = {
			isa = XCBuildConfiguration;
			buildSettings = {
				ALWAYS_SEARCH_USER_PATHS = NO;
				CLANG_ANALYZER_NONNULL = YES;
				CLANG_ANALYZER_NUMBER_OBJECT_CONVERSION = YES_AGGRESSIVE;
				CLANG_CXX_LANGUAGE_STANDARD = "gnu++14";
				CLANG_CXX_LIBRARY = "libc++";
				CLANG_ENABLE_MODULES = YES;
				CLANG_ENABLE_OBJC_ARC = YES;
				CLANG_ENABLE_OBJC_WEAK = YES;
				CLANG_WARN_BLOCK_CAPTURE_AUTORELEASING = YES;
				CLANG_WARN_BOOL_CONVERSION = YES;
				CLANG_WARN_COMMA = YES;
				CLANG_WARN_CONSTANT_CONVERSION = YES;
				CLANG_WARN_DEPRECATED_OBJC_IMPLEMENTATIONS = YES;
				CLANG_WARN_DIRECT_OBJC_ISA_USAGE = YES_ERROR;
				CLANG_WARN_DOCUMENTATION_COMMENTS = YES;
				CLANG_WARN_EMPTY_BODY = YES;
				CLANG_WARN_ENUM_CONVERSION = YES;
				CLANG_WARN_INFINITE_RECURSION = YES;
				CLANG_WARN_INT_CONVERSION = YES;
				CLANG_WARN_NON_LITERAL_NULL_CONVERSION = YES;
				CLANG_WARN_OBJC_IMPLICIT_RETAIN_SELF = YES;
				CLANG_WARN_OBJC_LITERAL_CONVERSION = YES;
				CLANG_WARN_OBJC_ROOT_CLASS = YES_ERROR;
				CLANG_WARN_QUOTED_INCLUDE_IN_FRAMEWORK_HEADER = YES;
				CLANG_WARN_RANGE_LOOP_ANALYSIS = YES;
				CLANG_WARN_STRICT_PROTOTYPES = YES;
				CLANG_WARN_SUSPICIOUS_MOVE = YES;
				CLANG_WARN_UNGUARDED_AVAILABILITY = YES_AGGRESSIVE;
				CLANG_WARN_UNREACHABLE_CODE = YES;
				CLANG_WARN__DUPLICATE_METHOD_MATCH = YES;
				COPY_PHASE_STRIP = NO;
				DEBUG_INFORMATION_FORMAT = dwarf;
				ENABLE_STRICT_OBJC_MSGSEND = YES;
				ENABLE_TESTABILITY = YES;
				GCC_C_LANGUAGE_STANDARD = gnu11;
				GCC_DYNAMIC_NO_PIC = NO;
				GCC_NO_COMMON_BLOCKS = YES;
				GCC_OPTIMIZATION_LEVEL = 0;
				GCC_PREPROCESSOR_DEFINITIONS = (
					"$(inherited)",
					"DEBUG=1",
				);
				GCC_WARN_64_TO_32_BIT_CONVERSION = YES;
				GCC_WARN_ABOUT_RETURN_TYPE = YES_ERROR;
				GCC_WARN_UNDECLARED_SELECTOR = YES;
				GCC_WARN_UNINITIALIZED_AUTOS = YES_AGGRESSIVE;
				GCC_WARN_UNUSED_FUNCTION = YES;
				GCC_WARN_UNUSED_VARIABLE = YES;
				GENERATE_INFOPLIST_FILE = YES;
				IPHONEOS_DEPLOYMENT_TARGET = 16.0;
				MACOSX_DEPLOYMENT_TARGET = 14.0;
				MTL_ENABLE_DEBUG_INFO = INCLUDE_SOURCE;
				MTL_FAST_MATH = YES;
				ONLY_ACTIVE_ARCH = YES;
				PRODUCT_NAME = "$(TARGET_NAME)";
				SDKROOT = auto;
				SWIFT_ACTIVE_COMPILATION_CONDITIONS = DEBUG;
				SWIFT_OPTIMIZATION_LEVEL = "-Onone";
				SWIFT_VERSION = 6;
				TVOS_DEPLOYMENT_TARGET = 16.0;
			};
			name = Debug;
		};
		17CD9AADAD90A56141E81305 /* Release */ = {
			isa = XCBuildConfiguration;
			buildSettings = {
				ASSETCATALOG_COMPILER_APPICON_NAME = AppIcon;
				CODE_SIGN_IDENTITY = "iPhone Developer";
				CODE_SIGN_STYLE = Automatic;
				INFOPLIST_FILE = Sources/SRAVPlayerDemo/Info.plist;
				LD_RUNPATH_SEARCH_PATHS = (
					"$(inherited)",
					"@executable_path/Frameworks",
				);
				PRODUCT_BUNDLE_IDENTIFIER = com.sportradar.SRAVPlayerDemos;
				SDKROOT = auto;
				SUPPORTED_PLATFORMS = "iphoneos iphonesimulator";
				SUPPORTS_MACCATALYST = NO;
				SUPPORTS_MAC_DESIGNED_FOR_IPHONE_IPAD = YES;
				SUPPORTS_XR_DESIGNED_FOR_IPHONE_IPAD = YES;
				SWIFT_DEFAULT_ACTOR_ISOLATION = MainActor;
				TARGETED_DEVICE_FAMILY = "1,2";
			};
			name = Release;
		};
		5C4E79F7057952A9F0E8CDD5 /* Debug */ = {
			isa = XCBuildConfiguration;
			buildSettings = {
				ASSETCATALOG_COMPILER_APPICON_NAME = AppIcon;
				CODE_SIGN_IDENTITY = "iPhone Developer";
				CODE_SIGN_STYLE = Automatic;
				INFOPLIST_FILE = Sources/SRAVPlayerDemo/Info.plist;
				LD_RUNPATH_SEARCH_PATHS = (
					"$(inherited)",
					"@executable_path/Frameworks",
				);
				PRODUCT_BUNDLE_IDENTIFIER = com.sportradar.SRAVPlayerDemos;
				SDKROOT = auto;
				SUPPORTED_PLATFORMS = "iphoneos iphonesimulator";
				SUPPORTS_MACCATALYST = NO;
				SUPPORTS_MAC_DESIGNED_FOR_IPHONE_IPAD = YES;
				SUPPORTS_XR_DESIGNED_FOR_IPHONE_IPAD = YES;
				SWIFT_DEFAULT_ACTOR_ISOLATION = MainActor;
				TARGETED_DEVICE_FAMILY = "1,2";
			};
			name = Debug;
		};
		95B9D9E58452AB2982E926C0 /* Debug */ = {
			isa = XCBuildConfiguration;
			buildSettings = {
				ASSETCATALOG_COMPILER_APPICON_NAME = AppIcon;
				CODE_SIGN_IDENTITY = "iPhone Developer";
				CODE_SIGN_STYLE = Automatic;
				INFOPLIST_FILE = Sources/SRAVPlayerUIKitDemo/Info.plist;
				LD_RUNPATH_SEARCH_PATHS = (
					"$(inherited)",
					"@executable_path/Frameworks",
				);
				PRODUCT_BUNDLE_IDENTIFIER = com.sportradar.SRAVPlayerDemos;
				SDKROOT = auto;
				SUPPORTED_PLATFORMS = "iphoneos iphonesimulator";
				SUPPORTS_MACCATALYST = NO;
				SUPPORTS_MAC_DESIGNED_FOR_IPHONE_IPAD = YES;
				SUPPORTS_XR_DESIGNED_FOR_IPHONE_IPAD = YES;
				SWIFT_DEFAULT_ACTOR_ISOLATION = MainActor;
				TARGETED_DEVICE_FAMILY = "1,2";
			};
			name = Debug;
		};
		9ED4A90275789DC7ED0CFBB5 /* Release */ = {
			isa = XCBuildConfiguration;
			buildSettings = {
				ALWAYS_SEARCH_USER_PATHS = NO;
				CLANG_ANALYZER_NONNULL = YES;
				CLANG_ANALYZER_NUMBER_OBJECT_CONVERSION = YES_AGGRESSIVE;
				CLANG_CXX_LANGUAGE_STANDARD = "gnu++14";
				CLANG_CXX_LIBRARY = "libc++";
				CLANG_ENABLE_MODULES = YES;
				CLANG_ENABLE_OBJC_ARC = YES;
				CLANG_ENABLE_OBJC_WEAK = YES;
				CLANG_WARN_BLOCK_CAPTURE_AUTORELEASING = YES;
				CLANG_WARN_BOOL_CONVERSION = YES;
				CLANG_WARN_COMMA = YES;
				CLANG_WARN_CONSTANT_CONVERSION = YES;
				CLANG_WARN_DEPRECATED_OBJC_IMPLEMENTATIONS = YES;
				CLANG_WARN_DIRECT_OBJC_ISA_USAGE = YES_ERROR;
				CLANG_WARN_DOCUMENTATION_COMMENTS = YES;
				CLANG_WARN_EMPTY_BODY = YES;
				CLANG_WARN_ENUM_CONVERSION = YES;
				CLANG_WARN_INFINITE_RECURSION = YES;
				CLANG_WARN_INT_CONVERSION = YES;
				CLANG_WARN_NON_LITERAL_NULL_CONVERSION = YES;
				CLANG_WARN_OBJC_IMPLICIT_RETAIN_SELF = YES;
				CLANG_WARN_OBJC_LITERAL_CONVERSION = YES;
				CLANG_WARN_OBJC_ROOT_CLASS = YES_ERROR;
				CLANG_WARN_QUOTED_INCLUDE_IN_FRAMEWORK_HEADER = YES;
				CLANG_WARN_RANGE_LOOP_ANALYSIS = YES;
				CLANG_WARN_STRICT_PROTOTYPES = YES;
				CLANG_WARN_SUSPICIOUS_MOVE = YES;
				CLANG_WARN_UNGUARDED_AVAILABILITY = YES_AGGRESSIVE;
				CLANG_WARN_UNREACHABLE_CODE = YES;
				CLANG_WARN__DUPLICATE_METHOD_MATCH = YES;
				COPY_PHASE_STRIP = NO;
				DEBUG_INFORMATION_FORMAT = "dwarf-with-dsym";
				ENABLE_NS_ASSERTIONS = NO;
				ENABLE_STRICT_OBJC_MSGSEND = YES;
				GCC_C_LANGUAGE_STANDARD = gnu11;
				GCC_NO_COMMON_BLOCKS = YES;
				GCC_WARN_64_TO_32_BIT_CONVERSION = YES;
				GCC_WARN_ABOUT_RETURN_TYPE = YES_ERROR;
				GCC_WARN_UNDECLARED_SELECTOR = YES;
				GCC_WARN_UNINITIALIZED_AUTOS = YES_AGGRESSIVE;
				GCC_WARN_UNUSED_FUNCTION = YES;
				GCC_WARN_UNUSED_VARIABLE = YES;
				GENERATE_INFOPLIST_FILE = YES;
				IPHONEOS_DEPLOYMENT_TARGET = 16.0;
				MACOSX_DEPLOYMENT_TARGET = 14.0;
				MTL_ENABLE_DEBUG_INFO = NO;
				MTL_FAST_MATH = YES;
				PRODUCT_NAME = "$(TARGET_NAME)";
				SDKROOT = auto;
				SWIFT_COMPILATION_MODE = wholemodule;
				SWIFT_OPTIMIZATION_LEVEL = "-O";
				SWIFT_VERSION = 6;
				TVOS_DEPLOYMENT_TARGET = 16.0;
			};
			name = Release;
		};
		DA02EC38888089A66674C503 /* Debug */ = {
			isa = XCBuildConfiguration;
			buildSettings = {
				ASSETCATALOG_COMPILER_APPICON_NAME = "App Icon & Top Shelf Image";
				ASSETCATALOG_COMPILER_LAUNCHIMAGE_NAME = LaunchImage;
				CODE_SIGN_STYLE = Automatic;
				INFOPLIST_FILE = Sources/SRAVPlayerAppleTVDemo/Info.plist;
				LD_RUNPATH_SEARCH_PATHS = (
					"$(inherited)",
					"@executable_path/Frameworks",
				);
				PRODUCT_BUNDLE_IDENTIFIER = com.sportradar.SRAVPlayerDemos;
				SDKROOT = auto;
				SUPPORTED_PLATFORMS = "appletvos appletvsimulator";
				SWIFT_DEFAULT_ACTOR_ISOLATION = MainActor;
				TARGETED_DEVICE_FAMILY = 3;
			};
			name = Debug;
		};
		EC607526AB62BB92FDD9D671 /* Release */ = {
			isa = XCBuildConfiguration;
			buildSettings = {
				ASSETCATALOG_COMPILER_APPICON_NAME = "App Icon & Top Shelf Image";
				ASSETCATALOG_COMPILER_LAUNCHIMAGE_NAME = LaunchImage;
				CODE_SIGN_STYLE = Automatic;
				INFOPLIST_FILE = Sources/SRAVPlayerAppleTVDemo/Info.plist;
				LD_RUNPATH_SEARCH_PATHS = (
					"$(inherited)",
					"@executable_path/Frameworks",
				);
				PRODUCT_BUNDLE_IDENTIFIER = com.sportradar.SRAVPlayerDemos;
				SDKROOT = auto;
				SUPPORTED_PLATFORMS = "appletvos appletvsimulator";
				SWIFT_DEFAULT_ACTOR_ISOLATION = MainActor;
				TARGETED_DEVICE_FAMILY = 3;
			};
			name = Release;
		};
/* End XCBuildConfiguration section */

/* Begin XCConfigurationList section */
		3BED30148FACAE851162DF37 /* Build configuration list for PBXProject "SRAVPlayerDemos" */ = {
			isa = XCConfigurationList;
			buildConfigurations = (
				1277CEAB1A3E44F0A29178B9 /* Debug */,
				9ED4A90275789DC7ED0CFBB5 /* Release */,
			);
			defaultConfigurationIsVisible = 0;
			defaultConfigurationName = Debug;
		};
		64783328161205646D0FCF56 /* Build configuration list for PBXNativeTarget "DemoUIKit" */ = {
			isa = XCConfigurationList;
			buildConfigurations = (
				95B9D9E58452AB2982E926C0 /* Debug */,
				0D687948AB5999F121BD6A7D /* Release */,
			);
			defaultConfigurationIsVisible = 0;
			defaultConfigurationName = Debug;
		};
		68BFA987ADE53294A5FE8883 /* Build configuration list for PBXNativeTarget "DemoAppleTV" */ = {
			isa = XCConfigurationList;
			buildConfigurations = (
				DA02EC38888089A66674C503 /* Debug */,
				EC607526AB62BB92FDD9D671 /* Release */,
			);
			defaultConfigurationIsVisible = 0;
			defaultConfigurationName = Debug;
		};
		F986391017F14850E84A5C6F /* Build configuration list for PBXNativeTarget "DemoSwiftUI" */ = {
			isa = XCConfigurationList;
			buildConfigurations = (
				5C4E79F7057952A9F0E8CDD5 /* Debug */,
				17CD9AADAD90A56141E81305 /* Release */,
			);
			defaultConfigurationIsVisible = 0;
			defaultConfigurationName = Debug;
		};
/* End XCConfigurationList section */

/* Begin XCRemoteSwiftPackageReference section */
		E6426E1EE06FB54EE98741FD /* XCRemoteSwiftPackageReference "SRPlayer" */ = {
			isa = XCRemoteSwiftPackageReference;
			repositoryURL = "https://github.com/sportradar/SRPlayer";
			requirement = {
				kind = upToNextMajorVersion;
				minimumVersion = 1.0.1;
			};
		};
/* End XCRemoteSwiftPackageReference section */

/* Begin XCSwiftPackageProductDependency section */
		58D6AB659C0388D39DA29C8F /* SRAVPlayerSDK */ = {
			isa = XCSwiftPackageProductDependency;
			package = E6426E1EE06FB54EE98741FD /* XCRemoteSwiftPackageReference "SRPlayer" */;
			productName = SRAVPlayerSDK;
		};
		CDF8B1B89004A86E5FCD2BCF /* SRAVPlayerSDK */ = {
			isa = XCSwiftPackageProductDependency;
			package = E6426E1EE06FB54EE98741FD /* XCRemoteSwiftPackageReference "SRPlayer" */;
			productName = SRAVPlayerSDK;
		};
		F04E3C3CC1D68FDE8246323B /* SRAVPlayerSDK */ = {
			isa = XCSwiftPackageProductDependency;
			package = E6426E1EE06FB54EE98741FD /* XCRemoteSwiftPackageReference "SRPlayer" */;
			productName = SRAVPlayerSDK;
		};
/* End XCSwiftPackageProductDependency section */
	};
	rootObject = ABA78414277EC9123F9BD501 /* Project object */;
}
